PODS:
  - Alamofire (4.5.1)
  - MyFramework (0.1.0):
    - Alamofire (~> 4.5)
    - SwiftKeychainWrapper
    - SwiftyJSON
  - SwiftKeychainWrapper (3.0.1)
  - SwiftyJSON (3.1.4)

DEPENDENCIES:
  - MyFramework (from `../`)

EXTERNAL SOURCES:
  MyFramework:
    :path: ../

SPEC CHECKSUMS:
  Alamofire: 2d95912bf4c34f164fdfc335872e8c312acaea4a
  MyFramework: dee76a7caa902165796baffcffd70eabbf9088d4
  SwiftKeychainWrapper: 38952a3636320ae61bad3513cadd870929de7a4a
  SwiftyJSON: c2842d878f95482ffceec5709abc3d05680c0220

PODFILE CHECKSUM: 63fe6cf0ff118d75462452a2fcd88d45e99df98f

COCOAPODS: 1.4.0.beta.2
